// !$*UTF8*$!
{
	archiveVersion = 1;
	classes = {
	};
	objectVersion = 46;
	objects = {

/* Begin PBXBuildFile section */
		432DFD531CD85A91007404F0 /* AppDelegate.swift in Sources */ = {isa = PBXBuildFile; fileRef = 432DFD521CD85A91007404F0 /* AppDelegate.swift */; };
		432DFD551CD85A91007404F0 /* ViewController.swift in Sources */ = {isa = PBXBuildFile; fileRef = 432DFD541CD85A91007404F0 /* ViewController.swift */; };
		432DFD5A1CD85A91007404F0 /* Assets.xcassets in Resources */ = {isa = PBXBuildFile; fileRef = 432DFD591CD85A91007404F0 /* Assets.xcassets */; };
		432DFD5D1CD85A91007404F0 /* LaunchScreen.storyboard in Resources */ = {isa = PBXBuildFile; fileRef = 432DFD5B1CD85A91007404F0 /* LaunchScreen.storyboard */; };
		433E2B161CE01BF20090BAF1 /* absolute_layout.xml in Resources */ = {isa = PBXBuildFile; fileRef = 433E2B141CE01BF20090BAF1 /* absolute_layout.xml */; };
		433E2B171CE01BF20090BAF1 /* sample.xml in Resources */ = {isa = PBXBuildFile; fileRef = 433E2B151CE01BF20090BAF1 /* sample.xml */; };
		43B488BD1CDAE270003F1A55 /* LayoutXMLLayouter.swift in Sources */ = {isa = PBXBuildFile; fileRef = 43B488B91CDAE270003F1A55 /* LayoutXMLLayouter.swift */; };
		43B488BE1CDAE270003F1A55 /* LinearLayout.swift in Sources */ = {isa = PBXBuildFile; fileRef = 43B488BA1CDAE270003F1A55 /* LinearLayout.swift */; };
		43B488BF1CDAE270003F1A55 /* RelativeLayout.swift in Sources */ = {isa = PBXBuildFile; fileRef = 43B488BB1CDAE270003F1A55 /* RelativeLayout.swift */; };
		43B488C81CDAE32F003F1A55 /* LayoutXMLInflater.swift in Sources */ = {isa = PBXBuildFile; fileRef = 43B488C51CDAE32F003F1A55 /* LayoutXMLInflater.swift */; };
		43B488C91CDAE32F003F1A55 /* UIView+LayoutXMLInflater.swift in Sources */ = {isa = PBXBuildFile; fileRef = 43B488C61CDAE32F003F1A55 /* UIView+LayoutXMLInflater.swift */; };
		43B488CB1CDAE7BC003F1A55 /* AbsoluteLayout.swift in Sources */ = {isa = PBXBuildFile; fileRef = 43B488CA1CDAE7BC003F1A55 /* AbsoluteLayout.swift */; };
		43B488CE1CDB9D68003F1A55 /* R.swift in Sources */ = {isa = PBXBuildFile; fileRef = 43B488CC1CDB9D68003F1A55 /* R.swift */; };
		43BC50B61D08304F004D6E27 /* linear_layout.xml in Resources */ = {isa = PBXBuildFile; fileRef = 43BC50B51D08304F004D6E27 /* linear_layout.xml */; };
		43E8B9811CD8B73B0063031A /* LayoutXML.swift in Sources */ = {isa = PBXBuildFile; fileRef = 43E8B97C1CD8B73B0063031A /* LayoutXML.swift */; };
/* End PBXBuildFile section */

/* Begin PBXFileReference section */
		432DFD4F1CD85A91007404F0 /* LayoutXMLExample.app */ = {isa = PBXFileReference; explicitFileType = wrapper.application; includeInIndex = 0; path = LayoutXMLExample.app; sourceTree = BUILT_PRODUCTS_DIR; };
		432DFD521CD85A91007404F0 /* AppDelegate.swift */ = {isa = PBXFileReference; lastKnownFileType = sourcecode.swift; path = AppDelegate.swift; sourceTree = "<group>"; };
		432DFD541CD85A91007404F0 /* ViewController.swift */ = {isa = PBXFileReference; lastKnownFileType = sourcecode.swift; path = ViewController.swift; sourceTree = "<group>"; };
		432DFD591CD85A91007404F0 /* Assets.xcassets */ = {isa = PBXFileReference; lastKnownFileType = folder.assetcatalog; path = Assets.xcassets; sourceTree = "<group>"; };
		432DFD5C1CD85A91007404F0 /* Base */ = {isa = PBXFileReference; lastKnownFileType = file.storyboard; name = Base; path = Base.lproj/LaunchScreen.storyboard; sourceTree = "<group>"; };
		432DFD5E1CD85A91007404F0 /* Info.plist */ = {isa = PBXFileReference; lastKnownFileType = text.plist.xml; path = Info.plist; sourceTree = "<group>"; };
		433E2B141CE01BF20090BAF1 /* absolute_layout.xml */ = {isa = PBXFileReference; fileEncoding = 4; lastKnownFileType = text.xml; path = absolute_layout.xml; sourceTree = "<group>"; };
		433E2B151CE01BF20090BAF1 /* sample.xml */ = {isa = PBXFileReference; fileEncoding = 4; lastKnownFileType = text.xml; path = sample.xml; sourceTree = "<group>"; };
		43B488B91CDAE270003F1A55 /* LayoutXMLLayouter.swift */ = {isa = PBXFileReference; fileEncoding = 4; lastKnownFileType = sourcecode.swift; path = LayoutXMLLayouter.swift; sourceTree = "<group>"; };
		43B488BA1CDAE270003F1A55 /* LinearLayout.swift */ = {isa = PBXFileReference; fileEncoding = 4; lastKnownFileType = sourcecode.swift; path = LinearLayout.swift; sourceTree = "<group>"; };
		43B488BB1CDAE270003F1A55 /* RelativeLayout.swift */ = {isa = PBXFileReference; fileEncoding = 4; lastKnownFileType = sourcecode.swift; path = RelativeLayout.swift; sourceTree = "<group>"; };
		43B488C51CDAE32F003F1A55 /* LayoutXMLInflater.swift */ = {isa = PBXFileReference; fileEncoding = 4; lastKnownFileType = sourcecode.swift; name = LayoutXMLInflater.swift; path = ../LayoutXML/Inflater/LayoutXMLInflater.swift; sourceTree = "<group>"; };
		43B488C61CDAE32F003F1A55 /* UIView+LayoutXMLInflater.swift */ = {isa = PBXFileReference; fileEncoding = 4; lastKnownFileType = sourcecode.swift; name = "UIView+LayoutXMLInflater.swift"; path = "../LayoutXML/Inflater/UIView+LayoutXMLInflater.swift"; sourceTree = "<group>"; };
		43B488CA1CDAE7BC003F1A55 /* AbsoluteLayout.swift */ = {isa = PBXFileReference; fileEncoding = 4; lastKnownFileType = sourcecode.swift; path = AbsoluteLayout.swift; sourceTree = "<group>"; };
		43B488CC1CDB9D68003F1A55 /* R.swift */ = {isa = PBXFileReference; fileEncoding = 4; lastKnownFileType = sourcecode.swift; path = R.swift; sourceTree = "<group>"; };
		43BC50B51D08304F004D6E27 /* linear_layout.xml */ = {isa = PBXFileReference; fileEncoding = 4; lastKnownFileType = text.xml; path = linear_layout.xml; sourceTree = "<group>"; };
		43E8B97C1CD8B73B0063031A /* LayoutXML.swift */ = {isa = PBXFileReference; fileEncoding = 4; lastKnownFileType = sourcecode.swift; path = LayoutXML.swift; sourceTree = "<group>"; };
/* End PBXFileReference section */

/* Begin PBXFrameworksBuildPhase section */
		432DFD4C1CD85A91007404F0 /* Frameworks */ = {
			isa = PBXFrameworksBuildPhase;
			buildActionMask = 2147483647;
			files = (
			);
			runOnlyForDeploymentPostprocessing = 0;
		};
/* End PBXFrameworksBuildPhase section */

/* Begin PBXGroup section */
		432DFD461CD85A91007404F0 = {
			isa = PBXGroup;
			children = (
				432DFD511CD85A91007404F0 /* LayoutXMLExample */,
				432DFD501CD85A91007404F0 /* Products */,
			);
			sourceTree = "<group>";
		};
		432DFD501CD85A91007404F0 /* Products */ = {
			isa = PBXGroup;
			children = (
				432DFD4F1CD85A91007404F0 /* LayoutXMLExample.app */,
			);
			name = Products;
			sourceTree = "<group>";
		};
		432DFD511CD85A91007404F0 /* LayoutXMLExample */ = {
			isa = PBXGroup;
			children = (
				432DFD521CD85A91007404F0 /* AppDelegate.swift */,
				432DFD541CD85A91007404F0 /* ViewController.swift */,
				433E2B131CE01BDE0090BAF1 /* sampleXMLs */,
				43E8B97A1CD8B7300063031A /* Vender */,
				432DFD591CD85A91007404F0 /* Assets.xcassets */,
				432DFD5B1CD85A91007404F0 /* LaunchScreen.storyboard */,
				432DFD5E1CD85A91007404F0 /* Info.plist */,
			);
			path = LayoutXMLExample;
			sourceTree = "<group>";
		};
		433E2B131CE01BDE0090BAF1 /* sampleXMLs */ = {
			isa = PBXGroup;
			children = (
				433E2B151CE01BF20090BAF1 /* sample.xml */,
				433E2B141CE01BF20090BAF1 /* absolute_layout.xml */,
				43BC50B51D08304F004D6E27 /* linear_layout.xml */,
			);
			path = sampleXMLs;
			sourceTree = "<group>";
		};
		43B488BC1CDAE270003F1A55 /* Layouter */ = {
			isa = PBXGroup;
			children = (
				43B488B91CDAE270003F1A55 /* LayoutXMLLayouter.swift */,
				43B488BA1CDAE270003F1A55 /* LinearLayout.swift */,
				43B488BB1CDAE270003F1A55 /* RelativeLayout.swift */,
				43B488CA1CDAE7BC003F1A55 /* AbsoluteLayout.swift */,
			);
			path = Layouter;
			sourceTree = "<group>";
		};
		43B488C71CDAE32F003F1A55 /* Inflater */ = {
			isa = PBXGroup;
			children = (
				43B488C51CDAE32F003F1A55 /* LayoutXMLInflater.swift */,
				43B488C61CDAE32F003F1A55 /* UIView+LayoutXMLInflater.swift */,
			);
			name = Inflater;
			path = ../Inflater;
			sourceTree = "<group>";
		};
		43B488CD1CDB9D68003F1A55 /* R */ = {
			isa = PBXGroup;
			children = (
				43B488CC1CDB9D68003F1A55 /* R.swift */,
			);
			path = R;
			sourceTree = "<group>";
		};
		43E8B97A1CD8B7300063031A /* Vender */ = {
			isa = PBXGroup;
			children = (
				43E8B97B1CD8B73B0063031A /* LayoutXML */,
			);
			path = Vender;
			sourceTree = "<group>";
		};
		43E8B97B1CD8B73B0063031A /* LayoutXML */ = {
			isa = PBXGroup;
			children = (
				43E8B97C1CD8B73B0063031A /* LayoutXML.swift */,
				43B488CD1CDB9D68003F1A55 /* R */,
				43B488BC1CDAE270003F1A55 /* Layouter */,
				43B488C71CDAE32F003F1A55 /* Inflater */,
			);
			name = LayoutXML;
			path = ../../../LayoutXML;
			sourceTree = "<group>";
		};
/* End PBXGroup section */

/* Begin PBXNativeTarget section */
		432DFD4E1CD85A91007404F0 /* LayoutXMLExample */ = {
			isa = PBXNativeTarget;
			buildConfigurationList = 432DFD611CD85A92007404F0 /* Build configuration list for PBXNativeTarget "LayoutXMLExample" */;
			buildPhases = (
				432DFD4B1CD85A91007404F0 /* Sources */,
				432DFD4C1CD85A91007404F0 /* Frameworks */,
				432DFD4D1CD85A91007404F0 /* Resources */,
			);
			buildRules = (
			);
			dependencies = (
			);
			name = LayoutXMLExample;
			productName = LayoutXMLExample;
			productReference = 432DFD4F1CD85A91007404F0 /* LayoutXMLExample.app */;
			productType = "com.apple.product-type.application";
		};
/* End PBXNativeTarget section */

/* Begin PBXProject section */
		432DFD471CD85A91007404F0 /* Project object */ = {
			isa = PBXProject;
			attributes = {
				LastSwiftUpdateCheck = 0730;
				LastUpgradeCheck = 0730;
				ORGANIZATIONNAME = naru;
				TargetAttributes = {
					432DFD4E1CD85A91007404F0 = {
						CreatedOnToolsVersion = 7.3;
					};
				};
			};
			buildConfigurationList = 432DFD4A1CD85A91007404F0 /* Build configuration list for PBXProject "LayoutXMLExample" */;
			compatibilityVersion = "Xcode 3.2";
			developmentRegion = English;
			hasScannedForEncodings = 0;
			knownRegions = (
				en,
				Base,
			);
			mainGroup = 432DFD461CD85A91007404F0;
			productRefGroup = 432DFD501CD85A91007404F0 /* Products */;
			projectDirPath = "";
			projectRoot = "";
			targets = (
				432DFD4E1CD85A91007404F0 /* LayoutXMLExample */,
			);
		};
/* End PBXProject section */

/* Begin PBXResourcesBuildPhase section */
		432DFD4D1CD85A91007404F0 /* Resources */ = {
			isa = PBXResourcesBuildPhase;
			buildActionMask = 2147483647;
			files = (
				43BC50B61D08304F004D6E27 /* linear_layout.xml in Resources */,
				432DFD5D1CD85A91007404F0 /* LaunchScreen.storyboard in Resources */,
				433E2B171CE01BF20090BAF1 /* sample.xml in Resources */,
				433E2B161CE01BF20090BAF1 /* absolute_layout.xml in Resources */,
				432DFD5A1CD85A91007404F0 /* Assets.xcassets in Resources */,
			);
			runOnlyForDeploymentPostprocessing = 0;
		};
/* End PBXResourcesBuildPhase section */

/* Begin PBXSourcesBuildPhase section */
		432DFD4B1CD85A91007404F0 /* Sources */ = {
			isa = PBXSourcesBuildPhase;
			buildActionMask = 2147483647;
			files = (
				43B488BE1CDAE270003F1A55 /* LinearLayout.swift in Sources */,
				43B488CB1CDAE7BC003F1A55 /* AbsoluteLayout.swift in Sources */,
				43B488C91CDAE32F003F1A55 /* UIView+LayoutXMLInflater.swift in Sources */,
				43B488C81CDAE32F003F1A55 /* LayoutXMLInflater.swift in Sources */,
				43B488BD1CDAE270003F1A55 /* LayoutXMLLayouter.swift in Sources */,
				432DFD551CD85A91007404F0 /* ViewController.swift in Sources */,
				43B488BF1CDAE270003F1A55 /* RelativeLayout.swift in Sources */,
				43E8B9811CD8B73B0063031A /* LayoutXML.swift in Sources */,
				43B488CE1CDB9D68003F1A55 /* R.swift in Sources */,
				432DFD531CD85A91007404F0 /* AppDelegate.swift in Sources */,
			);
			runOnlyForDeploymentPostprocessing = 0;
		};
/* End PBXSourcesBuildPhase section */

/* Begin PBXVariantGroup section */
		432DFD5B1CD85A91007404F0 /* LaunchScreen.storyboard */ = {
			isa = PBXVariantGroup;
			children = (
				432DFD5C1CD85A91007404F0 /* Base */,
			);
			name = LaunchScreen.storyboard;
			sourceTree = "<group>";
		};
/* End PBXVariantGroup section */

/* Begin XCBuildConfiguration section */
		432DFD5F1CD85A91007404F0 /* Debug */ = {
			isa = XCBuildConfiguration;
			buildSettings = {
				ALWAYS_SEARCH_USER_PATHS = NO;
				CLANG_ANALYZER_NONNULL = YES;
				CLANG_CXX_LANGUAGE_STANDARD = "gnu++0x";
				CLANG_CXX_LIBRARY = "libc++";
				CLANG_ENABLE_MODULES = YES;
				CLANG_ENABLE_OBJC_ARC = YES;
				CLANG_WARN_BOOL_CONVERSION = YES;
				CLANG_WARN_CONSTANT_CONVERSION = YES;
				CLANG_WARN_DIRECT_OBJC_ISA_USAGE = YES_ERROR;
				CLANG_WARN_EMPTY_BODY = YES;
				CLANG_WARN_ENUM_CONVERSION = YES;
				CLANG_WARN_INT_CONVERSION = YES;
				CLANG_WARN_OBJC_ROOT_CLASS = YES_ERROR;
				CLANG_WARN_UNREACHABLE_CODE = YES;
				CLANG_WARN__DUPLICATE_METHOD_MATCH = YES;
				"CODE_SIGN_IDENTITY[sdk=iphoneos*]" = "iPhone Developer";
				COPY_PHASE_STRIP = NO;
				DEBUG_INFORMATION_FORMAT = dwarf;
				ENABLE_STRICT_OBJC_MSGSEND = YES;
				ENABLE_TESTABILITY = YES;
				GCC_C_LANGUAGE_STANDARD = gnu99;
				GCC_DYNAMIC_NO_PIC = NO;
				GCC_NO_COMMON_BLOCKS = YES;
				GCC_OPTIMIZATION_LEVEL = 0;
				GCC_PREPROCESSOR_DEFINITIONS = (
					"DEBUG=1",
					"$(inherited)",
				);
				GCC_WARN_64_TO_32_BIT_CONVERSION = YES;
				GCC_WARN_ABOUT_RETURN_TYPE = YES_ERROR;
				GCC_WARN_UNDECLARED_SELECTOR = YES;
				GCC_WARN_UNINITIALIZED_AUTOS = YES_AGGRESSIVE;
				GCC_WARN_UNUSED_FUNCTION = YES;
				GCC_WARN_UNUSED_VARIABLE = YES;
				IPHONEOS_DEPLOYMENT_TARGET = 9.3;
				MTL_ENABLE_DEBUG_INFO = YES;
				ONLY_ACTIVE_ARCH = YES;
				SDKROOT = iphoneos;
				SWIFT_OPTIMIZATION_LEVEL = "-Onone";
			};
			name = Debug;
		};
		432DFD601CD85A91007404F0 /* Release */ = {
			isa = XCBuildConfiguration;
			buildSettings = {
				ALWAYS_SEARCH_USER_PATHS = NO;
				CLANG_ANALYZER_NONNULL = YES;
				CLANG_CXX_LANGUAGE_STANDARD = "gnu++0x";
				CLANG_CXX_LIBRARY = "libc++";
				CLANG_ENABLE_MODULES = YES;
				CLANG_ENABLE_OBJC_ARC = YES;
				CLANG_WARN_BOOL_CONVERSION = YES;
				CLANG_WARN_CONSTANT_CONVERSION = YES;
				CLANG_WARN_DIRECT_OBJC_ISA_USAGE = YES_ERROR;
				CLANG_WARN_EMPTY_BODY = YES;
				CLANG_WARN_ENUM_CONVERSION = YES;
				CLANG_WARN_INT_CONVERSION = YES;
				CLANG_WARN_OBJC_ROOT_CLASS = YES_ERROR;
				CLANG_WARN_UNREACHABLE_CODE = YES;
				CLANG_WARN__DUPLICATE_METHOD_MATCH = YES;
				"CODE_SIGN_IDENTITY[sdk=iphoneos*]" = "iPhone Developer";
				COPY_PHASE_STRIP = NO;
				DEBUG_INFORMATION_FORMAT = "dwarf-with-dsym";
				ENABLE_NS_ASSERTIONS = NO;
				ENABLE_STRICT_OBJC_MSGSEND = YES;
				GCC_C_LANGUAGE_STANDARD = gnu99;
				GCC_NO_COMMON_BLOCKS = YES;
				GCC_WARN_64_TO_32_BIT_CONVERSION = YES;
				GCC_WARN_ABOUT_RETURN_TYPE = YES_ERROR;
				GCC_WARN_UNDECLARED_SELECTOR = YES;
				GCC_WARN_UNINITIALIZED_AUTOS = YES_AGGRESSIVE;
				GCC_WARN_UNUSED_FUNCTION = YES;
				GCC_WARN_UNUSED_VARIABLE = YES;
				IPHONEOS_DEPLOYMENT_TARGET = 9.3;
				MTL_ENABLE_DEBUG_INFO = NO;
				SDKROOT = iphoneos;
				VALIDATE_PRODUCT = YES;
			};
			name = Release;
		};
		432DFD621CD85A92007404F0 /* Debug */ = {
			isa = XCBuildConfiguration;
			buildSettings = {
				ASSETCATALOG_COMPILER_APPICON_NAME = AppIcon;
				INFOPLIST_FILE = LayoutXMLExample/Info.plist;
				LD_RUNPATH_SEARCH_PATHS = "$(inherited) @executable_path/Frameworks";
				OTHER_SWIFT_FLAGS = "-Xfrontend -debug-time-function-bodies";
				PRODUCT_BUNDLE_IDENTIFIER = com.jpn.naru.LayoutXMLExample;
				PRODUCT_NAME = "$(TARGET_NAME)";
			};
			name = Debug;
		};
		432DFD631CD85A92007404F0 /* Release */ = {
			isa = XCBuildConfiguration;
			buildSettings = {
				ASSETCATALOG_COMPILER_APPICON_NAME = AppIcon;
				INFOPLIST_FILE = LayoutXMLExample/Info.plist;
				LD_RUNPATH_SEARCH_PATHS = "$(inherited) @executable_path/Frameworks";
				OTHER_SWIFT_FLAGS = "-Xfrontend -debug-time-function-bodies";
				PRODUCT_BUNDLE_IDENTIFIER = com.jpn.naru.LayoutXMLExample;
				PRODUCT_NAME = "$(TARGET_NAME)";
			};
			name = Release;
		};
/* End XCBuildConfiguration section */

/* Begin XCConfigurationList section */
		432DFD4A1CD85A91007404F0 /* Build configuration list for PBXProject "LayoutXMLExample" */ = {
			isa = XCConfigurationList;
			buildConfigurations = (
				432DFD5F1CD85A91007404F0 /* Debug */,
				432DFD601CD85A91007404F0 /* Release */,
			);
			defaultConfigurationIsVisible = 0;
			defaultConfigurationName = Release;
		};
		432DFD611CD85A92007404F0 /* Build configuration list for PBXNativeTarget "LayoutXMLExample" */ = {
			isa = XCConfigurationList;
			buildConfigurations = (
				432DFD621CD85A92007404F0 /* Debug */,
				432DFD631CD85A92007404F0 /* Release */,
			);
			defaultConfigurationIsVisible = 0;
			defaultConfigurationName = Release;
		};
/* End XCConfigurationList section */
	};
	rootObject = 432DFD471CD85A91007404F0 /* Project object */;
}
